
Microsoft Visual Studio Solution File, Format Version 12.00
# Visual Studio Version 16
VisualStudioVersion = 16.0.33423.256
MinimumVisualStudioVersion = 10.0.40219.1
Project("{FAE04EC0-301F-11D3-BF4B-00C04F79EFBC}") = "Biblioteca", "Biblioteca\Biblioteca.csproj", "{8088CB36-7927-43E0-B278-C33673E779B6}"
EndProject
Global
	GlobalSection(SolutionConfigurationPlatforms) = preSolution
		Debug|Any CPU = Debug|Any CPU
		Release|Any CPU = Release|Any CPU
	EndGlobalSection
	GlobalSection(ProjectConfigurationPlatforms) = postSolution
		{8088CB36-7927-43E0-B278-C33673E779B6}.Debug|Any CPU.ActiveCfg = Debug|Any CPU
		{8088CB36-7927-43E0-B278-C33673E779B6}.Debug|Any CPU.Build.0 = Debug|Any CPU
		{8088CB36-7927-43E0-B278-C33673E779B6}.Release|Any CPU.ActiveCfg = Release|Any CPU
		{8088CB36-7927-43E0-B278-C33673E779B6}.Release|Any CPU.Build.0 = Release|Any CPU
	EndGlobalSection
	GlobalSection(SolutionProperties) = preSolution
		HideSolutionNode = FALSE
	EndGlobalSection
	GlobalSection(ExtensibilityGlobals) = postSolution
		SolutionGuid = {B3F33EFD-4EC6-4E46-8B01-59EC35F3BDD8}
	EndGlobalSection
EndGlobal
